{
    "_meta": {
        "hash": {
            "sha256": "8003da6b1e8ae6043c95f3799bef96035b4d213ccf5e205e525d10d83f6426a7"
        },
        "pipfile-spec": 6,
        "requires": {
            "python_version": "3.7"
        },
        "sources": [
            {
                "name": "pypi",
                "url": "https://pypi.org/simple",
                "verify_ssl": true
            }
        ]
    },
    "default": {
        "appdirs": {
            "hashes": [
                "sha256:7d5d0167b2b1ba821647616af46a749d1c653740dd0d2415100fe26e27afdf41",
                "sha256:a841dacd6b99318a741b166adb07e19ee71a274450e68237b4650ca1055ab128"
            ],
            "version": "==1.4.4"
        },
        "certifi": {
            "hashes": [
                "sha256:84c85a9078b11105f04f3036a9482ae10e4621616db313fe045dd24743a0820d",
                "sha256:fe86415d55e84719d75f8b69414f6438ac3547d2078ab91b67e779ef69378412"
            ],
            "markers": "python_version >= '3.6'",
            "version": "==2022.6.15"
        },
        "django": {
            "hashes": [
                "sha256:a32c22af23634e1d11425574dce756098e015a165be02e4690179889b207c7a8",
                "sha256:d6393918da830530a9516bbbcbf7f1214c3d733738779f06b0f649f49cc698c3"
            ],
            "index": "pypi",
            "version": "==2.1.5"
        },
        "ecdsa": {
            "hashes": [
                "sha256:5cf31d5b33743abe0dfc28999036c849a69d548f994b535e527ee3cb7f3ef676",
                "sha256:b9f500bb439e4153d0330610f5d26baaf18d17b8ced1bc54410d189385ea68aa"
            ],
            "markers": "python_version >= '2.6' and python_version not in '3.0, 3.1, 3.2, 3.3'",
            "version": "==0.17.0"
        },
        "funcy": {
            "hashes": [
                "sha256:40b9b9a88141ae6a174df1a95861f2b82f2fdc17669080788b73a3ed9370e968",
                "sha256:ba7af5e58bfc69321aaf860a1547f18d35e145706b95d1b3c966abc4f0b60309"
            ],
            "version": "==1.17"
        },
        "future": {
            "hashes": [
                "sha256:b1bead90b70cf6ec3f0710ae53a525360fa360d306a86583adc6bf83a4db537d"
            ],
            "markers": "python_version >= '2.6' and python_version not in '3.0, 3.1, 3.2, 3.3'",
            "version": "==0.18.2"
        },
        "gunicorn": {
            "hashes": [
                "sha256:aa8e0b40b4157b36a5df5e599f45c9c76d6af43845ba3b3b0efe2c70473c2471",
                "sha256:fa2662097c66f920f53f70621c6c58ca4a3c4d3434205e608e121b5b3b71f4f3"
            ],
            "index": "pypi",
            "version": "==19.9.0"
        },
        "importlib-metadata": {
            "hashes": [
                "sha256:637245b8bab2b6502fcbc752cc4b7a6f6243bb02b31c5c26156ad103d3d45670",
                "sha256:7401a975809ea1fdc658c3aa4f78cc2195a0e019c5cbc4c06122884e9ae80c23"
            ],
            "markers": "python_version < '3.8'",
            "version": "==4.12.0"
        },
        "langdetect": {
            "hashes": [
                "sha256:7cbc0746252f19e76f77c0b1690aadf01963be835ef0cd4b56dddf2a8f1dfc2a",
                "sha256:cbc1fef89f8d062739774bd51eda3da3274006b3661d199c2655f6b3f6d605a0"
            ],
            "version": "==1.0.9"
        },
        "prettytable": {
            "hashes": [
                "sha256:118eb54fd2794049b810893653b20952349df6d3bc1764e7facd8a18064fa9b0",
                "sha256:d1c34d72ea2c0ffd6ce5958e71c428eb21a3d40bf3133afe319b24aeed5af407"
            ],
            "markers": "python_version >= '3.7'",
            "version": "==3.3.0"
        },
        "pycrypto": {
            "hashes": [
                "sha256:f2ce1e989b272cfcb677616763e0a2e7ec659effa67a88aa92b3a65528f60a3c"
            ],
            "version": "==2.6.1"
        },
        "pylibscrypt": {
            "hashes": [
                "sha256:5afffc2cf056de86a000c13627ddca87fac14380939694aa6fbf4875926c0146"
            ],
            "version": "==2.0.0"
        },
        "pytz": {
            "hashes": [
                "sha256:1e760e2fe6a8163bc0b3d9a19c4f84342afa0a2affebfaa84b01b978a02ecaa7",
                "sha256:e68985985296d9a66a881eb3193b0906246245294a881e7c8afe623866ac6a5c"
            ],
            "version": "==2022.1"
        },
        "scrypt": {
            "hashes": [
                "sha256:02a00c05a3d434f473f3767b36c4d7e5122a72641b93b25c4cc0245e59b6ef58",
                "sha256:0d226c1c6744fb2e308b391410669b1df5cfe82637ffcb5ed489bf82b2d2eb78",
                "sha256:10ffebb09a3bc6a87d3a4d67e10de9c5d2557d240d71fdada42301173ba0a107",
                "sha256:17eb9097850988fedf78f0f7cc2be379699fbf9016e54be416c15a7314d5b661",
                "sha256:1b25f81ef66e1f0605d1ff5be9b799747b0ef56ae751a6308d4dc25980bc3156",
                "sha256:1ba29376d964f4ffefffc01f53d8ed5df123051996cfed1cba0c78e9b76dbdf1",
                "sha256:25fb074d9c4721d10f8abedacb20695a4d62c83a2f90e8791a75b29b3fc7f33d",
                "sha256:2b9c7fce4eaabe7a668924b851746f115be4cd337adc75e36b84dc8d0c28386f",
                "sha256:2e4f7c5cff06dfd45207760a81381aeb8dc9f88bc722794d82728a5449dbdb0d",
                "sha256:3069f6dd07115dd094d9301c8397f99aa141691029c1ab66847046673a3f8c4a",
                "sha256:3a008e868b68b56d9947e69c3f2bf42a8cb9a85f0b849d014c9d265932deb5b5",
                "sha256:3ca103672508ba4711df6b2dda1011aa0d347939cb2d5857c407b8e4544ec303",
                "sha256:47b9b6b312dfb98804fdb073d0cc7320f21e215d28c277018449e77e3763e70e",
                "sha256:56af4b0154c08e2d36c96c9b055fe104a3a0e829b04e272137c89e0e019b978a",
                "sha256:5b5d406b3dff9bd885065a0b1b5ad9e01739dbddd3c9d13749cb66cf1ad2623f",
                "sha256:5eebe8082494cac4d8db42325fe7a9344b4d0c84c90c7951abf1041f07a18318",
                "sha256:610930e3f4d52427664cb6afd402407fa07dbc1b7f3c6083c26abf16f63a6455",
                "sha256:61dfaff95a184fd32ddc69102e267c8b03daded9fc7ec02e64ff6cc68a91bb6e",
                "sha256:620f2a3a44ea20a1c013e94ced4f3e1d908fc8bb48c3475bbc155277b14386cf",
                "sha256:6dbb0f472ac6c27d336c0ef6e0d66ff7ef1112ebb79604c1a71faa725d105c72",
                "sha256:75fffdbb8deb7b481c12a2177b686c5a518083e5254f842b34057840f3f3795b",
                "sha256:76b9d5493487f0018e5c0926357eaa8a4a7120786268741169337e9d4e0b0612",
                "sha256:776b6778d6bdd0794b404f20af9509c8e09dc0b7bc5683e2b6612a6ca8231b11",
                "sha256:809b423a7107c5dd047c8bd1733a33fb0c5f16a884d9a2389e8446945fbcce0c",
                "sha256:84e2d37bea004c737352f507fa0b4b3d9fa0bffc027331d3291a4e523066cc3c",
                "sha256:9c986af7320b4bf967934b505ee019243282b575e07d9f8517596a6254586482",
                "sha256:9e4f565feb2cad4c126a66037d6569917aaaaf35f5fecf7a179421b68d584f1a",
                "sha256:ae606705fa1d54aa0d5ba8e3272bb4d3f801543c8090e11ced00de46c4feff40",
                "sha256:c7a248180b82738738693abfff6d6e9418d04c3ad533eefe839b4d8a3dd2e534",
                "sha256:d2d3031aa4a11a1ca2e1145526517a761f3f3cf6fd0e039b25daaa79a54d6b42",
                "sha256:d2e3bcbcd98da1ca3c4adfb62693a445a8c88b65ce507df502a8c5a7966d19f3",
                "sha256:e90edf96a805e4ea981201b21065717f61f1fd718cb5000ce0445fabcaa0d988",
                "sha256:efaa4ad229cc46760a6e5b9fdf2dc71a13db06ee455ec749ea8adacad2ba78a8",
                "sha256:efac56d0c6b7d7b806ebfeb2154bd39cdb511f0ccb9e197e945a07980f001245",
                "sha256:f6367c71527ad1b107644eb17e77509c0b37fdbd5cca0a5e1180d1a4a37b61ca",
                "sha256:f9fd69646cb8015525eff22292b5545d10490dcb8d0ce429b47f4952cd840aef",
                "sha256:fecc315a58bbf409807ef6e6f1aaffb2cba90898f9283e47513a09b09ad8f49d",
                "sha256:ff96e6025176363c90f5fb6bb7b80b25605010de7972e2d5097ff9f9adb08f87"
            ],
            "version": "==0.8.20"
        },
        "six": {
            "hashes": [
                "sha256:1e61c37477a1626458e36f7b1d82aa5c9b094fa4802892072e49de9c60c4c926",
                "sha256:8abb2f1d86890a2dfb989f9a77cfcfd3e47c2a354b01111771326f8aa26e0254"
            ],
            "markers": "python_version >= '2.7' and python_version not in '3.0, 3.1, 3.2, 3.3'",
            "version": "==1.16.0"
        },
        "steem": {
            "hashes": [
                "sha256:925442170798783c909786437e2172dd2bad3218f9936f282a2b1d3b12eb4526",
                "sha256:e6285302a32e2aace8913f79f4d5efbd0488a1b6a53c6c06b7801e622587af67"
            ],
            "index": "pypi",
            "version": "==1.0.1"
        },
        "toolz": {
            "hashes": [
                "sha256:6b312d5e15138552f1bda8a4e66c30e236c831b612b2bf0005f8a1df10a4bc33",
                "sha256:a5700ce83414c64514d82d60bcda8aabfde092d1c1a8663f9200c07fdcc6da8f"
            ],
            "markers": "python_version >= '3.5'",
            "version": "==0.11.2"
        },
        "typing-extensions": {
            "hashes": [
                "sha256:25642c956049920a5aa49edcdd6ab1e06d7e5d467fc00e0506c44ac86fbfca02",
                "sha256:e6d2677a32f47fc7eb2795db1dd15c1f34eff616bcaf2cfb5e997f854fa1c4a6"
            ],
            "markers": "python_version < '3.8'",
            "version": "==4.3.0"
        },
        "ujson": {
            "hashes": [
                "sha256:025758cf6561af6986d77cd4af9367ab56dde5c7c50f13f59e6964b4b25df73e",
                "sha256:0551c1ba0bc9e05b69d9c18266dbc93252b5fa3cd9940051bc88a0dd33607b19",
                "sha256:05e411627e5d6ee773232960ca7307e66017f78e3fa74f7e95c3a8cc5cb05415",
                "sha256:0b46aee21e5d75426c4058dfdb42f7e7b1d130c664ee5027a8dbbc50872dc32b",
                "sha256:0bcde3135265ecdd5714a7de4fdc167925390d7b17ca325e59980f4114c962b8",
                "sha256:1120c8263f7d85e89533a2b46d80cc6def15114772010ede4d197739e111dba6",
                "sha256:13297a7d501f9c8c53e409d4fa57cc574e4fbfbe8807ef2c4c7ce2e3ec933a85",
                "sha256:191f88d5865740497b9827ef9b7c12f37a79872ac984e09f0901a10024019380",
                "sha256:1a2e645325f844f9c890c9d956fc2d35ca91f38c857278238ef6516c2f99cf7c",
                "sha256:2974b17bc522ef86d98b498959d82f03c02e07d9eb08746026415298f4a4bca3",
                "sha256:2d98248f1df1e1aab67e0374ab98945dd36bc1764753d71fd8aea5f296360b76",
                "sha256:31bdb6d771d5ef6d37134b42211500bfe176c55d399f3317e569783dc42ed38e",
                "sha256:3212847d3885bfd4f5fd56cdc37645a8f8e8a80d6cb569505da22fd9eb0e1a02",
                "sha256:326a96324ed9215b0bc9f1a5af324fb33900b6b0901516bcc421475d6596de0d",
                "sha256:381c97d326d1ec569d318cc0ae83940ea2df125ede1000871680fefd5b7fdea9",
                "sha256:39bb702ca1612253b5e4b6004e0f20208c98a446606aa351f9a7ba5ceaff0eb8",
                "sha256:3a0707f381f97e1287c0dbf94d95bd6c0bbf6e4eeeaa656f0076b7883010c818",
                "sha256:400e4ca8a59f71398e8fa56c4d2d6f535e2a121ddb57284ec15752ffce2dd63a",
                "sha256:422653083c6df6cec17fdb5d6106c209aad9b0c94131c53b073980403db22167",
                "sha256:511aa641a5b91d19280183b134fb6c473039d4dd82e987ac810cffba783521ac",
                "sha256:5df8b6369ee5ee2685fcc917f6c46b34e599c6e9a512fada6dfd752b909fa06a",
                "sha256:67f4e2fa81e1d99c01e7b1978ab0cbf3c9a8b663f683a709f87baad110d5b940",
                "sha256:68c7f753aec490c6566fd3cd301887c413ac3a588316e446f30a4134ac665668",
                "sha256:6a20f2f6e8818c1ab89dd4be6bbad3fc2ddb15287f89e7ea35f3eb849afebbd9",
                "sha256:6b953e09441e307504130755e5bd6b15850178d591f66292bba4608c4f7f9b00",
                "sha256:754f422aba8db8201a1073f25e2f732effc6471f8755708b16e6ebf19dd23634",
                "sha256:784dbd12925845a3f0757a956447e2fd31418abb5aeaebf3aca1203195f16fd1",
                "sha256:7d4c9ccd30e621e714ec24ca911ad8873567dc1ac1e5e914405ea9dd16b9d40c",
                "sha256:7e12272361e9722777c83b3f5b0bb91d402531f36e80c6e5fafb6acb89e897e3",
                "sha256:8cce79ce47c37132373fbdf55b683883c262a3a60763130e080b8394c1201d32",
                "sha256:8cd6117e33233f2de6bc896eea6a5a59b58a37db08f371157264e0ec5e51c76a",
                "sha256:8d472efa9c92e1b2933a22d2f1dbd5237087997136b24ac2b913bf4e8be03135",
                "sha256:91edcf9978ee401119e9c8589376ae37fd3e6e75ee365c49385cb005eaff1535",
                "sha256:9ae1d0094ce730e39e09656bc14074d9573cdd80adec1a55b06d8bf1f9613a01",
                "sha256:aa00b746138835271653b0c3da171d2a8b510c579381f71e8b8e03484d50d825",
                "sha256:aaa77af91df3f71858a1f792c74d3f2d3abf3875f93ab1a2b9a24b3797743b02",
                "sha256:b045ca5497a950cc3492840adb3bcb3b9e305ed6599ed14c6aeaa08011aa463f",
                "sha256:b40a3757a563ef77c3f2f9ea1732c2924e8b3b2bda3fa89513f949472ad40b6e",
                "sha256:baa76a6f707a6d22437fe9c7ec9719672fb04d4d9435a3e80ee9b1aaeb2089d9",
                "sha256:cec010d318a0238b1333ea9f40d5603d374cc026c29c4471e2661712c6682da1",
                "sha256:dd0d4ec694cab8a0a4d85f45f81ae0065465c4670f0db72ba48d6c4e7ae42834",
                "sha256:e2a9ddb5c6d1427056b8d62a1a172a18ae522b14d9ba5996b8281b09cba87edd",
                "sha256:e844be0831042aa91e847e5ab03bddd1089ab1a8dd0a1bf90411abf864f058b2",
                "sha256:e91947fda8354ea7faf698b084ebcdbabd239e7b15d8436fb74394f59a207ac9",
                "sha256:ea7fbc540bc04d5b05e5cd54e60ee8745ac665eedf2bad2ba9d12d5c7a7b7d2e",
                "sha256:ee29cf5cfc1e841708297633e1ce749aa851fb96830bbe51f2e5940741ff2441",
                "sha256:ef985eb2770900a485431910bd3f333b56d1a34b65f8c26a6ed8e8adf55f98d9",
                "sha256:f5c547d49a7e9d3f231e9323171bbbbcef63173fb007a2787cd4f05ac6269315",
                "sha256:fbea46c0fbc1c3bc8f957afd8dbb25b4ea3a356e18ee6dd79ace6cf32bd4cff7",
                "sha256:fd82932aaa224abd7d01e823b77aef9970f5ac1695027331d99e7f5fda9d37f5"
            ],
            "index": "pypi",
            "version": "==5.4.0"
        },
        "urllib3": {
            "hashes": [
                "sha256:44ece4d53fb1706f667c9bd1c648f5469a2ec925fcf3a776667042d645472c14",
                "sha256:aabaf16477806a5e1dd19aa41f8c2b7950dd3c746362d7e3223dbe6de6ac448e"
            ],
            "markers": "python_version >= '2.7' and python_version not in '3.0, 3.1, 3.2, 3.3, 3.4' and python_version < '4'",
            "version": "==1.26.9"
        },
        "voluptuous": {
            "hashes": [
                "sha256:4b838b185f5951f2d6e8752b68fcf18bd7a9c26ded8f143f92d6d28f3921a3e6",
                "sha256:e8d31c20601d6773cb14d4c0f42aee29c6821bbd1018039aac7ac5605b489723"
            ],
            "version": "==0.13.1"
        },
        "w3lib": {
            "hashes": [
                "sha256:0161d55537063e00d95a241663ede3395c4c6d7b777972ba2fd58bbab2001e53",
                "sha256:0ad6d0203157d61149fd45aaed2e24f53902989c32fc1dccc2e2bfba371560df"
            ],
            "version": "==1.22.0"
        },
        "wcwidth": {
            "hashes": [
                "sha256:beb4802a9cebb9144e99086eff703a642a13d6a0052920003a230f3294bbe784",
                "sha256:c4d647b99872929fdb7bdcaa4fbe7f01413ed3d98077df798530e5b04f116c83"
            ],
            "version": "==0.2.5"
        },
        "zipp": {
            "hashes": [
                "sha256:56bf8aadb83c24db6c4b577e13de374ccfb67da2078beba1d037c17980bf43ad",
                "sha256:c4f6e5bbf48e74f7a38e7cc5b0480ff42b0ae5178957d564d18932525d5cf099"
            ],
            "markers": "python_version >= '3.7'",
            "version": "==3.8.0"
        }
    },
    "develop": {}
}
